
Microsoft Visual Studio Solution File, Format Version 12.00
# Visual Studio 14
VisualStudioVersion = 14.0.23107.0
MinimumVisualStudioVersion = 10.0.40219.1
Project("{FAE04EC0-301F-11D3-BF4B-00C04F79EFBC}") = "Cog2D", "Cog2D\Cog2D.csproj", "{5C56475F-F797-4C69-83F5-D5920C204E4A}"
EndProject
Project("{FAE04EC0-301F-11D3-BF4B-00C04F79EFBC}") = "SfmlRenderer", "SfmlRenderer\SfmlRenderer.csproj", "{084372EB-5096-4AE6-BFED-4B10637CD216}"
EndProject
Project("{FAE04EC0-301F-11D3-BF4B-00C04F79EFBC}") = "TestGame", "TestGame\TestGame.csproj", "{87C9E067-93D0-4E2A-B3D9-E1250DAD0B05}"
EndProject
Project("{FAE04EC0-301F-11D3-BF4B-00C04F79EFBC}") = "TestGameServer", "TestGameServer\TestGameServer.csproj", "{E31B21E6-37D2-4674-A301-2EEE6FA443E7}"
EndProject
Project("{FAE04EC0-301F-11D3-BF4B-00C04F79EFBC}") = "TestGameContent", "TestGameContent\TestGameContent.csproj", "{80127101-1B52-4C7F-AB65-E7B11C8F46F6}"
EndProject
Project("{FAE04EC0-301F-11D3-BF4B-00C04F79EFBC}") = "SfmlAudio", "SfmlAudio\SfmlAudio.csproj", "{82BE15E4-8DDE-41E0-9CA1-A7D2375590EB}"
EndProject
Project("{FAE04EC0-301F-11D3-BF4B-00C04F79EFBC}") = "D3DRenderer", "D3DRenderer\D3DRenderer.csproj", "{B126D090-A28F-44AD-899F-AEA07F2EE95E}"
EndProject
Project("{FAE04EC0-301F-11D3-BF4B-00C04F79EFBC}") = "XnaRenderer", "XnaRenderer\XnaRenderer.csproj", "{C06E9138-2EA5-4DBE-933B-A1036CCE391D}"
EndProject
Project("{FAE04EC0-301F-11D3-BF4B-00C04F79EFBC}") = "Cog2D-GamePad", "Cog2D-GamePad\Cog2D-GamePad.csproj", "{FB785332-BF19-4C36-B793-CB292DD56A29}"
EndProject
Global
	GlobalSection(SolutionConfigurationPlatforms) = preSolution
		Debug|Any CPU = Debug|Any CPU
		Debug|Mixed Platforms = Debug|Mixed Platforms
		Debug|x64 = Debug|x64
		Debug|x86 = Debug|x86
		Release|Any CPU = Release|Any CPU
		Release|Mixed Platforms = Release|Mixed Platforms
		Release|x64 = Release|x64
		Release|x86 = Release|x86
	EndGlobalSection
	GlobalSection(ProjectConfigurationPlatforms) = postSolution
		{5C56475F-F797-4C69-83F5-D5920C204E4A}.Debug|Any CPU.ActiveCfg = Debug|x86
		{5C56475F-F797-4C69-83F5-D5920C204E4A}.Debug|Mixed Platforms.ActiveCfg = Debug|x86
		{5C56475F-F797-4C69-83F5-D5920C204E4A}.Debug|Mixed Platforms.Build.0 = Debug|x86
		{5C56475F-F797-4C69-83F5-D5920C204E4A}.Debug|x64.ActiveCfg = Debug|x86
		{5C56475F-F797-4C69-83F5-D5920C204E4A}.Debug|x86.ActiveCfg = Debug|x86
		{5C56475F-F797-4C69-83F5-D5920C204E4A}.Debug|x86.Build.0 = Debug|x86
		{5C56475F-F797-4C69-83F5-D5920C204E4A}.Release|Any CPU.ActiveCfg = Release|x86
		{5C56475F-F797-4C69-83F5-D5920C204E4A}.Release|Mixed Platforms.ActiveCfg = Release|x86
		{5C56475F-F797-4C69-83F5-D5920C204E4A}.Release|Mixed Platforms.Build.0 = Release|x86
		{5C56475F-F797-4C69-83F5-D5920C204E4A}.Release|x64.ActiveCfg = Release|x86
		{5C56475F-F797-4C69-83F5-D5920C204E4A}.Release|x86.ActiveCfg = Release|x86
		{5C56475F-F797-4C69-83F5-D5920C204E4A}.Release|x86.Build.0 = Release|x86
		{084372EB-5096-4AE6-BFED-4B10637CD216}.Debug|Any CPU.ActiveCfg = Debug|x86
		{084372EB-5096-4AE6-BFED-4B10637CD216}.Debug|Mixed Platforms.ActiveCfg = Debug|x86
		{084372EB-5096-4AE6-BFED-4B10637CD216}.Debug|Mixed Platforms.Build.0 = Debug|x86
		{084372EB-5096-4AE6-BFED-4B10637CD216}.Debug|x64.ActiveCfg = Debug|x86
		{084372EB-5096-4AE6-BFED-4B10637CD216}.Debug|x86.ActiveCfg = Debug|x86
		{084372EB-5096-4AE6-BFED-4B10637CD216}.Debug|x86.Build.0 = Debug|x86
		{084372EB-5096-4AE6-BFED-4B10637CD216}.Release|Any CPU.ActiveCfg = Release|x86
		{084372EB-5096-4AE6-BFED-4B10637CD216}.Release|Mixed Platforms.ActiveCfg = Release|x86
		{084372EB-5096-4AE6-BFED-4B10637CD216}.Release|Mixed Platforms.Build.0 = Release|x86
		{084372EB-5096-4AE6-BFED-4B10637CD216}.Release|x64.ActiveCfg = Release|x86
		{084372EB-5096-4AE6-BFED-4B10637CD216}.Release|x86.ActiveCfg = Release|x86
		{084372EB-5096-4AE6-BFED-4B10637CD216}.Release|x86.Build.0 = Release|x86
		{87C9E067-93D0-4E2A-B3D9-E1250DAD0B05}.Debug|Any CPU.ActiveCfg = Debug|Any CPU
		{87C9E067-93D0-4E2A-B3D9-E1250DAD0B05}.Debug|Any CPU.Build.0 = Debug|Any CPU
		{87C9E067-93D0-4E2A-B3D9-E1250DAD0B05}.Debug|Mixed Platforms.ActiveCfg = Debug|x86
		{87C9E067-93D0-4E2A-B3D9-E1250DAD0B05}.Debug|Mixed Platforms.Build.0 = Debug|x86
		{87C9E067-93D0-4E2A-B3D9-E1250DAD0B05}.Debug|x64.ActiveCfg = Debug|x64
		{87C9E067-93D0-4E2A-B3D9-E1250DAD0B05}.Debug|x64.Build.0 = Debug|x64
		{87C9E067-93D0-4E2A-B3D9-E1250DAD0B05}.Debug|x86.ActiveCfg = Debug|x86
		{87C9E067-93D0-4E2A-B3D9-E1250DAD0B05}.Debug|x86.Build.0 = Debug|x86
		{87C9E067-93D0-4E2A-B3D9-E1250DAD0B05}.Release|Any CPU.ActiveCfg = Release|Any CPU
		{87C9E067-93D0-4E2A-B3D9-E1250DAD0B05}.Release|Any CPU.Build.0 = Release|Any CPU
		{87C9E067-93D0-4E2A-B3D9-E1250DAD0B05}.Release|Mixed Platforms.ActiveCfg = Release|x86
		{87C9E067-93D0-4E2A-B3D9-E1250DAD0B05}.Release|Mixed Platforms.Build.0 = Release|x86
		{87C9E067-93D0-4E2A-B3D9-E1250DAD0B05}.Release|x64.ActiveCfg = Release|x64
		{87C9E067-93D0-4E2A-B3D9-E1250DAD0B05}.Release|x64.Build.0 = Release|x64
		{87C9E067-93D0-4E2A-B3D9-E1250DAD0B05}.Release|x86.ActiveCfg = Release|x86
		{87C9E067-93D0-4E2A-B3D9-E1250DAD0B05}.Release|x86.Build.0 = Release|x86
		{E31B21E6-37D2-4674-A301-2EEE6FA443E7}.Debug|Any CPU.ActiveCfg = Debug|Any CPU
		{E31B21E6-37D2-4674-A301-2EEE6FA443E7}.Debug|Any CPU.Build.0 = Debug|Any CPU
		{E31B21E6-37D2-4674-A301-2EEE6FA443E7}.Debug|Mixed Platforms.ActiveCfg = Debug|Any CPU
		{E31B21E6-37D2-4674-A301-2EEE6FA443E7}.Debug|Mixed Platforms.Build.0 = Debug|Any CPU
		{E31B21E6-37D2-4674-A301-2EEE6FA443E7}.Debug|x64.ActiveCfg = Debug|Any CPU
		{E31B21E6-37D2-4674-A301-2EEE6FA443E7}.Debug|x86.ActiveCfg = Debug|Any CPU
		{E31B21E6-37D2-4674-A301-2EEE6FA443E7}.Debug|x86.Build.0 = Debug|Any CPU
		{E31B21E6-37D2-4674-A301-2EEE6FA443E7}.Release|Any CPU.ActiveCfg = Release|Any CPU
		{E31B21E6-37D2-4674-A301-2EEE6FA443E7}.Release|Any CPU.Build.0 = Release|Any CPU
		{E31B21E6-37D2-4674-A301-2EEE6FA443E7}.Release|Mixed Platforms.ActiveCfg = Release|Any CPU
		{E31B21E6-37D2-4674-A301-2EEE6FA443E7}.Release|Mixed Platforms.Build.0 = Release|Any CPU
		{E31B21E6-37D2-4674-A301-2EEE6FA443E7}.Release|x64.ActiveCfg = Release|Any CPU
		{E31B21E6-37D2-4674-A301-2EEE6FA443E7}.Release|x86.ActiveCfg = Release|Any CPU
		{80127101-1B52-4C7F-AB65-E7B11C8F46F6}.Debug|Any CPU.ActiveCfg = Debug|Any CPU
		{80127101-1B52-4C7F-AB65-E7B11C8F46F6}.Debug|Any CPU.Build.0 = Debug|Any CPU
		{80127101-1B52-4C7F-AB65-E7B11C8F46F6}.Debug|Mixed Platforms.ActiveCfg = Debug|Any CPU
		{80127101-1B52-4C7F-AB65-E7B11C8F46F6}.Debug|Mixed Platforms.Build.0 = Debug|Any CPU
		{80127101-1B52-4C7F-AB65-E7B11C8F46F6}.Debug|x64.ActiveCfg = Debug|Any CPU
		{80127101-1B52-4C7F-AB65-E7B11C8F46F6}.Debug|x86.ActiveCfg = Debug|Any CPU
		{80127101-1B52-4C7F-AB65-E7B11C8F46F6}.Debug|x86.Build.0 = Debug|Any CPU
		{80127101-1B52-4C7F-AB65-E7B11C8F46F6}.Release|Any CPU.ActiveCfg = Release|Any CPU
		{80127101-1B52-4C7F-AB65-E7B11C8F46F6}.Release|Any CPU.Build.0 = Release|Any CPU
		{80127101-1B52-4C7F-AB65-E7B11C8F46F6}.Release|Mixed Platforms.ActiveCfg = Release|Any CPU
		{80127101-1B52-4C7F-AB65-E7B11C8F46F6}.Release|Mixed Platforms.Build.0 = Release|Any CPU
		{80127101-1B52-4C7F-AB65-E7B11C8F46F6}.Release|x64.ActiveCfg = Release|Any CPU
		{80127101-1B52-4C7F-AB65-E7B11C8F46F6}.Release|x86.ActiveCfg = Release|Any CPU
		{82BE15E4-8DDE-41E0-9CA1-A7D2375590EB}.Debug|Any CPU.ActiveCfg = Debug|x86
		{82BE15E4-8DDE-41E0-9CA1-A7D2375590EB}.Debug|Mixed Platforms.ActiveCfg = Debug|x86
		{82BE15E4-8DDE-41E0-9CA1-A7D2375590EB}.Debug|Mixed Platforms.Build.0 = Debug|x86
		{82BE15E4-8DDE-41E0-9CA1-A7D2375590EB}.Debug|x64.ActiveCfg = Debug|x86
		{82BE15E4-8DDE-41E0-9CA1-A7D2375590EB}.Debug|x86.ActiveCfg = Debug|x86
		{82BE15E4-8DDE-41E0-9CA1-A7D2375590EB}.Debug|x86.Build.0 = Debug|x86
		{82BE15E4-8DDE-41E0-9CA1-A7D2375590EB}.Release|Any CPU.ActiveCfg = Release|x86
		{82BE15E4-8DDE-41E0-9CA1-A7D2375590EB}.Release|Mixed Platforms.ActiveCfg = Release|x86
		{82BE15E4-8DDE-41E0-9CA1-A7D2375590EB}.Release|Mixed Platforms.Build.0 = Release|x86
		{82BE15E4-8DDE-41E0-9CA1-A7D2375590EB}.Release|x64.ActiveCfg = Release|x86
		{82BE15E4-8DDE-41E0-9CA1-A7D2375590EB}.Release|x86.ActiveCfg = Release|x86
		{82BE15E4-8DDE-41E0-9CA1-A7D2375590EB}.Release|x86.Build.0 = Release|x86
		{B126D090-A28F-44AD-899F-AEA07F2EE95E}.Debug|Any CPU.ActiveCfg = Debug|Any CPU
		{B126D090-A28F-44AD-899F-AEA07F2EE95E}.Debug|Any CPU.Build.0 = Debug|Any CPU
		{B126D090-A28F-44AD-899F-AEA07F2EE95E}.Debug|Mixed Platforms.ActiveCfg = Debug|Any CPU
		{B126D090-A28F-44AD-899F-AEA07F2EE95E}.Debug|Mixed Platforms.Build.0 = Debug|Any CPU
		{B126D090-A28F-44AD-899F-AEA07F2EE95E}.Debug|x64.ActiveCfg = Debug|Any CPU
		{B126D090-A28F-44AD-899F-AEA07F2EE95E}.Debug|x86.ActiveCfg = Debug|Any CPU
		{B126D090-A28F-44AD-899F-AEA07F2EE95E}.Release|Any CPU.ActiveCfg = Release|Any CPU
		{B126D090-A28F-44AD-899F-AEA07F2EE95E}.Release|Any CPU.Build.0 = Release|Any CPU
		{B126D090-A28F-44AD-899F-AEA07F2EE95E}.Release|Mixed Platforms.ActiveCfg = Release|Any CPU
		{B126D090-A28F-44AD-899F-AEA07F2EE95E}.Release|Mixed Platforms.Build.0 = Release|Any CPU
		{B126D090-A28F-44AD-899F-AEA07F2EE95E}.Release|x64.ActiveCfg = Release|Any CPU
		{B126D090-A28F-44AD-899F-AEA07F2EE95E}.Release|x86.ActiveCfg = Release|Any CPU
		{C06E9138-2EA5-4DBE-933B-A1036CCE391D}.Debug|Any CPU.ActiveCfg = Debug|Any CPU
		{C06E9138-2EA5-4DBE-933B-A1036CCE391D}.Debug|Any CPU.Build.0 = Debug|Any CPU
		{C06E9138-2EA5-4DBE-933B-A1036CCE391D}.Debug|Mixed Platforms.ActiveCfg = Debug|Any CPU
		{C06E9138-2EA5-4DBE-933B-A1036CCE391D}.Debug|Mixed Platforms.Build.0 = Debug|Any CPU
		{C06E9138-2EA5-4DBE-933B-A1036CCE391D}.Debug|x64.ActiveCfg = Debug|Any CPU
		{C06E9138-2EA5-4DBE-933B-A1036CCE391D}.Debug|x86.ActiveCfg = Debug|Any CPU
		{C06E9138-2EA5-4DBE-933B-A1036CCE391D}.Release|Any CPU.ActiveCfg = Release|Any CPU
		{C06E9138-2EA5-4DBE-933B-A1036CCE391D}.Release|Any CPU.Build.0 = Release|Any CPU
		{C06E9138-2EA5-4DBE-933B-A1036CCE391D}.Release|Mixed Platforms.ActiveCfg = Release|Any CPU
		{C06E9138-2EA5-4DBE-933B-A1036CCE391D}.Release|Mixed Platforms.Build.0 = Release|Any CPU
		{C06E9138-2EA5-4DBE-933B-A1036CCE391D}.Release|x64.ActiveCfg = Release|Any CPU
		{C06E9138-2EA5-4DBE-933B-A1036CCE391D}.Release|x86.ActiveCfg = Release|Any CPU
		{FB785332-BF19-4C36-B793-CB292DD56A29}.Debug|Any CPU.ActiveCfg = Debug|Any CPU
		{FB785332-BF19-4C36-B793-CB292DD56A29}.Debug|Any CPU.Build.0 = Debug|Any CPU
		{FB785332-BF19-4C36-B793-CB292DD56A29}.Debug|Mixed Platforms.ActiveCfg = Debug|Any CPU
		{FB785332-BF19-4C36-B793-CB292DD56A29}.Debug|Mixed Platforms.Build.0 = Debug|Any CPU
		{FB785332-BF19-4C36-B793-CB292DD56A29}.Debug|x64.ActiveCfg = Debug|Any CPU
		{FB785332-BF19-4C36-B793-CB292DD56A29}.Debug|x64.Build.0 = Debug|Any CPU
		{FB785332-BF19-4C36-B793-CB292DD56A29}.Debug|x86.ActiveCfg = Debug|Any CPU
		{FB785332-BF19-4C36-B793-CB292DD56A29}.Debug|x86.Build.0 = Debug|Any CPU
		{FB785332-BF19-4C36-B793-CB292DD56A29}.Release|Any CPU.ActiveCfg = Release|Any CPU
		{FB785332-BF19-4C36-B793-CB292DD56A29}.Release|Any CPU.Build.0 = Release|Any CPU
		{FB785332-BF19-4C36-B793-CB292DD56A29}.Release|Mixed Platforms.ActiveCfg = Release|Any CPU
		{FB785332-BF19-4C36-B793-CB292DD56A29}.Release|Mixed Platforms.Build.0 = Release|Any CPU
		{FB785332-BF19-4C36-B793-CB292DD56A29}.Release|x64.ActiveCfg = Release|Any CPU
		{FB785332-BF19-4C36-B793-CB292DD56A29}.Release|x64.Build.0 = Release|Any CPU
		{FB785332-BF19-4C36-B793-CB292DD56A29}.Release|x86.ActiveCfg = Release|Any CPU
		{FB785332-BF19-4C36-B793-CB292DD56A29}.Release|x86.Build.0 = Release|Any CPU
	EndGlobalSection
	GlobalSection(SolutionProperties) = preSolution
		HideSolutionNode = FALSE
	EndGlobalSection
EndGlobal
